
Microsoft Visual Studio Solution File, Format Version 12.00
# Visual Studio Version 17
VisualStudioVersion = 17.8.34525.116
MinimumVisualStudioVersion = 10.0.40219.1
Project("{9A19103F-16F7-4668-BE54-9A1E7A4F7556}") = "Api", "Api\Api.csproj", "{28465612-9584-4117-8003-44B7257C76E2}"
EndProject
Project("{E53339B2-1760-4266-BCC7-CA923CBCF16C}") = "docker-compose", "docker-compose.dcproj", "{6B0E627D-8701-40CC-A9FB-D2F7F659C12D}"
EndProject
Global
	GlobalSection(SolutionConfigurationPlatforms) = preSolution
		Debug|Any CPU = Debug|Any CPU
		Release|Any CPU = Release|Any CPU
	EndGlobalSection
	GlobalSection(ProjectConfigurationPlatforms) = postSolution
		{28465612-9584-4117-8003-44B7257C76E2}.Debug|Any CPU.ActiveCfg = Debug|Any CPU
		{28465612-9584-4117-8003-44B7257C76E2}.Debug|Any CPU.Build.0 = Debug|Any CPU
		{28465612-9584-4117-8003-44B7257C76E2}.Release|Any CPU.ActiveCfg = Release|Any CPU
		{28465612-9584-4117-8003-44B7257C76E2}.Release|Any CPU.Build.0 = Release|Any CPU
		{6B0E627D-8701-40CC-A9FB-D2F7F659C12D}.Debug|Any CPU.ActiveCfg = Debug|Any CPU
		{6B0E627D-8701-40CC-A9FB-D2F7F659C12D}.Debug|Any CPU.Build.0 = Debug|Any CPU
		{6B0E627D-8701-40CC-A9FB-D2F7F659C12D}.Release|Any CPU.ActiveCfg = Release|Any CPU
		{6B0E627D-8701-40CC-A9FB-D2F7F659C12D}.Release|Any CPU.Build.0 = Release|Any CPU
	EndGlobalSection
	GlobalSection(SolutionProperties) = preSolution
		HideSolutionNode = FALSE
	EndGlobalSection
	GlobalSection(ExtensibilityGlobals) = postSolution
		SolutionGuid = {D52B57B8-EACD-47A4-A8C4-269B76FF2C3D}
	EndGlobalSection
EndGlobal
